
Microsoft Visual Studio Solution File, Format Version 12.00
# Visual Studio Version 16
VisualStudioVersion = 16.0.31025.194
MinimumVisualStudioVersion = 10.0.40219.1
Project("{FAE04EC0-301F-11D3-BF4B-00C04F79EFBC}") = "SiteMercado.Api", "SiteMercado\SiteMercado.Api.csproj", "{C6AFDE24-EBBD-44E8-BA2F-6D696530770F}"
EndProject
Project("{FAE04EC0-301F-11D3-BF4B-00C04F79EFBC}") = "SiteMercado.Domain", "SiteMercado.Domain\SiteMercado.Domain.csproj", "{05566EE2-0F54-4E00-9DAB-0863642AE411}"
EndProject
Project("{FAE04EC0-301F-11D3-BF4B-00C04F79EFBC}") = "SiteMercado.Infra", "SiteMercado.Infra\SiteMercado.Infra.csproj", "{8C4EA116-6D99-4A68-9798-9FB592B83F7D}"
EndProject
Global
	GlobalSection(SolutionConfigurationPlatforms) = preSolution
		Debug|Any CPU = Debug|Any CPU
		Release|Any CPU = Release|Any CPU
	EndGlobalSection
	GlobalSection(ProjectConfigurationPlatforms) = postSolution
		{C6AFDE24-EBBD-44E8-BA2F-6D696530770F}.Debug|Any CPU.ActiveCfg = Debug|Any CPU
		{C6AFDE24-EBBD-44E8-BA2F-6D696530770F}.Debug|Any CPU.Build.0 = Debug|Any CPU
		{C6AFDE24-EBBD-44E8-BA2F-6D696530770F}.Release|Any CPU.ActiveCfg = Release|Any CPU
		{C6AFDE24-EBBD-44E8-BA2F-6D696530770F}.Release|Any CPU.Build.0 = Release|Any CPU
		{05566EE2-0F54-4E00-9DAB-0863642AE411}.Debug|Any CPU.ActiveCfg = Debug|Any CPU
		{05566EE2-0F54-4E00-9DAB-0863642AE411}.Debug|Any CPU.Build.0 = Debug|Any CPU
		{05566EE2-0F54-4E00-9DAB-0863642AE411}.Release|Any CPU.ActiveCfg = Release|Any CPU
		{05566EE2-0F54-4E00-9DAB-0863642AE411}.Release|Any CPU.Build.0 = Release|Any CPU
		{8C4EA116-6D99-4A68-9798-9FB592B83F7D}.Debug|Any CPU.ActiveCfg = Debug|Any CPU
		{8C4EA116-6D99-4A68-9798-9FB592B83F7D}.Debug|Any CPU.Build.0 = Debug|Any CPU
		{8C4EA116-6D99-4A68-9798-9FB592B83F7D}.Release|Any CPU.ActiveCfg = Release|Any CPU
		{8C4EA116-6D99-4A68-9798-9FB592B83F7D}.Release|Any CPU.Build.0 = Release|Any CPU
	EndGlobalSection
	GlobalSection(SolutionProperties) = preSolution
		HideSolutionNode = FALSE
	EndGlobalSection
	GlobalSection(ExtensibilityGlobals) = postSolution
		SolutionGuid = {DD0B560A-7418-4858-92ED-424E7BA45395}
	EndGlobalSection
EndGlobal
